{
  "requires": true,
  "lockfileVersion": 1,
  "dependencies": {
    "sweetalert2": {
      "version": "11.0.8",
      "resolved": "https://registry.npmjs.org/sweetalert2/-/sweetalert2-11.0.8.tgz",
      "integrity": "sha512-2m4yP/1tQuJYDPX8CnMoJDjvxNUGqbluO4OKIkDH5TB/w6A/DMt5R7iDyxR5Oon7XxIA3PYOy4xwXcJylSw08Q=="
    },
    "sweetalert2-react-content": {
      "version": "4.0.1",
      "resolved": "https://registry.npmjs.org/sweetalert2-react-content/-/sweetalert2-react-content-4.0.1.tgz",
      "integrity": "sha512-vS7/k1BplmX72O0lFp2eG7+FsCvrZ9VOgKNHE2wUx1tbeKx+DLEPgAHnQ19DNhbdleRTW8o998atBmYjCkdg7Q=="
    }
  }
}
